// !$*UTF8*$!
{
	archiveVersion = 1;
	classes = {
	};
	objectVersion = 46;
	objects = {

/* Begin PBXBuildFile section */
		842B026A1EA7331A00601579 /* AppDelegate.swift in Sources */ = {isa = PBXBuildFile; fileRef = 842B02691EA7331A00601579 /* AppDelegate.swift */; };
		842B026C1EA7331A00601579 /* ViewController.swift in Sources */ = {isa = PBXBuildFile; fileRef = 842B026B1EA7331A00601579 /* ViewController.swift */; };
		842B026F1EA7331A00601579 /* Main.storyboard in Resources */ = {isa = PBXBuildFile; fileRef = 842B026D1EA7331A00601579 /* Main.storyboard */; };
		842B02711EA7331A00601579 /* Assets.xcassets in Resources */ = {isa = PBXBuildFile; fileRef = 842B02701EA7331A00601579 /* Assets.xcassets */; };
		842B02741EA7331A00601579 /* LaunchScreen.storyboard in Resources */ = {isa = PBXBuildFile; fileRef = 842B02721EA7331A00601579 /* LaunchScreen.storyboard */; };
/* End PBXBuildFile section */

/* Begin PBXFileReference section */
		842B02661EA7331A00601579 /* 02-FormWeibo.app */ = {isa = PBXFileReference; explicitFileType = wrapper.application; includeInIndex = 0; path = "02-FormWeibo.app"; sourceTree = BUILT_PRODUCTS_DIR; };
		842B02691EA7331A00601579 /* AppDelegate.swift */ = {isa = PBXFileReference; lastKnownFileType = sourcecode.swift; path = AppDelegate.swift; sourceTree = "<group>"; };
		842B026B1EA7331A00601579 /* ViewController.swift */ = {isa = PBXFileReference; lastKnownFileType = sourcecode.swift; path = ViewController.swift; sourceTree = "<group>"; };
		842B026E1EA7331A00601579 /* Base */ = {isa = PBXFileReference; lastKnownFileType = file.storyboard; name = Base; path = Base.lproj/Main.storyboard; sourceTree = "<group>"; };
		842B02701EA7331A00601579 /* Assets.xcassets */ = {isa = PBXFileReference; lastKnownFileType = folder.assetcatalog; path = Assets.xcassets; sourceTree = "<group>"; };
		842B02731EA7331A00601579 /* Base */ = {isa = PBXFileReference; lastKnownFileType = file.storyboard; name = Base; path = Base.lproj/LaunchScreen.storyboard; sourceTree = "<group>"; };
		842B02751EA7331A00601579 /* Info.plist */ = {isa = PBXFileReference; lastKnownFileType = text.plist.xml; path = Info.plist; sourceTree = "<group>"; };
/* End PBXFileReference section */

/* Begin PBXFrameworksBuildPhase section */
		842B02631EA7331A00601579 /* Frameworks */ = {
			isa = PBXFrameworksBuildPhase;
			buildActionMask = 2147483647;
			files = (
			);
			runOnlyForDeploymentPostprocessing = 0;
		};
/* End PBXFrameworksBuildPhase section */

/* Begin PBXGroup section */
		842B025D1EA7331A00601579 = {
			isa = PBXGroup;
			children = (
				842B02681EA7331A00601579 /* 02-FormWeibo */,
				842B02671EA7331A00601579 /* Products */,
			);
			sourceTree = "<group>";
		};
		842B02671EA7331A00601579 /* Products */ = {
			isa = PBXGroup;
			children = (
				842B02661EA7331A00601579 /* 02-FormWeibo.app */,
			);
			name = Products;
			sourceTree = "<group>";
		};
		842B02681EA7331A00601579 /* 02-FormWeibo */ = {
			isa = PBXGroup;
			children = (
				842B026D1EA7331A00601579 /* Main.storyboard */,
				842B026B1EA7331A00601579 /* ViewController.swift */,
				842B027B1EA7332300601579 /* Supporting Files */,
			);
			path = "02-FormWeibo";
			sourceTree = "<group>";
		};
		842B027B1EA7332300601579 /* Supporting Files */ = {
			isa = PBXGroup;
			children = (
				842B02691EA7331A00601579 /* AppDelegate.swift */,
				842B02701EA7331A00601579 /* Assets.xcassets */,
				842B02721EA7331A00601579 /* LaunchScreen.storyboard */,
				842B02751EA7331A00601579 /* Info.plist */,
			);
			name = "Supporting Files";
			sourceTree = "<group>";
		};
/* End PBXGroup section */

/* Begin PBXNativeTarget section */
		842B02651EA7331A00601579 /* 02-FormWeibo */ = {
			isa = PBXNativeTarget;
			buildConfigurationList = 842B02781EA7331A00601579 /* Build configuration list for PBXNativeTarget "02-FormWeibo" */;
			buildPhases = (
				842B02621EA7331A00601579 /* Sources */,
				842B02631EA7331A00601579 /* Frameworks */,
				842B02641EA7331A00601579 /* Resources */,
			);
			buildRules = (
			);
			dependencies = (
			);
			name = "02-FormWeibo";
			productName = "02-FormWeibo";
			productReference = 842B02661EA7331A00601579 /* 02-FormWeibo.app */;
			productType = "com.apple.product-type.application";
		};
/* End PBXNativeTarget section */

/* Begin PBXProject section */
		842B025E1EA7331A00601579 /* Project object */ = {
			isa = PBXProject;
			attributes = {
				LastSwiftUpdateCheck = 0830;
				LastUpgradeCheck = 0830;
				ORGANIZATIONNAME = "买明";
				TargetAttributes = {
					842B02651EA7331A00601579 = {
						CreatedOnToolsVersion = 8.3.1;
						DevelopmentTeam = LEG7CXMPKJ;
						ProvisioningStyle = Automatic;
					};
				};
			};
			buildConfigurationList = 842B02611EA7331A00601579 /* Build configuration list for PBXProject "02-FormWeibo" */;
			compatibilityVersion = "Xcode 3.2";
			developmentRegion = English;
			hasScannedForEncodings = 0;
			knownRegions = (
				en,
				Base,
			);
			mainGroup = 842B025D1EA7331A00601579;
			productRefGroup = 842B02671EA7331A00601579 /* Products */;
			projectDirPath = "";
			projectRoot = "";
			targets = (
				842B02651EA7331A00601579 /* 02-FormWeibo */,
			);
		};
/* End PBXProject section */

/* Begin PBXResourcesBuildPhase section */
		842B02641EA7331A00601579 /* Resources */ = {
			isa = PBXResourcesBuildPhase;
			buildActionMask = 2147483647;
			files = (
				842B02741EA7331A00601579 /* LaunchScreen.storyboard in Resources */,
				842B02711EA7331A00601579 /* Assets.xcassets in Resources */,
				842B026F1EA7331A00601579 /* Main.storyboard in Resources */,
			);
			runOnlyForDeploymentPostprocessing = 0;
		};
/* End PBXResourcesBuildPhase section */

/* Begin PBXSourcesBuildPhase section */
		842B02621EA7331A00601579 /* Sources */ = {
			isa = PBXSourcesBuildPhase;
			buildActionMask = 2147483647;
			files = (
				842B026C1EA7331A00601579 /* ViewController.swift in Sources */,
				842B026A1EA7331A00601579 /* AppDelegate.swift in Sources */,
			);
			runOnlyForDeploymentPostprocessing = 0;
		};
/* End PBXSourcesBuildPhase section */

/* Begin PBXVariantGroup section */
		842B026D1EA7331A00601579 /* Main.storyboard */ = {
			isa = PBXVariantGroup;
			children = (
				842B026E1EA7331A00601579 /* Base */,
			);
			name = Main.storyboard;
			sourceTree = "<group>";
		};
		842B02721EA7331A00601579 /* LaunchScreen.storyboard */ = {
			isa = PBXVariantGroup;
			children = (
				842B02731EA7331A00601579 /* Base */,
			);
			name = LaunchScreen.storyboard;
			sourceTree = "<group>";
		};
/* End PBXVariantGroup section */

/* Begin XCBuildConfiguration section */
		842B02761EA7331A00601579 /* Debug */ = {
			isa = XCBuildConfiguration;
			buildSettings = {
				ALWAYS_SEARCH_USER_PATHS = NO;
				CLANG_ANALYZER_NONNULL = YES;
				CLANG_ANALYZER_NUMBER_OBJECT_CONVERSION = YES_AGGRESSIVE;
				CLANG_CXX_LANGUAGE_STANDARD = "gnu++0x";
				CLANG_CXX_LIBRARY = "libc++";
				CLANG_ENABLE_MODULES = YES;
				CLANG_ENABLE_OBJC_ARC = YES;
				CLANG_WARN_BOOL_CONVERSION = YES;
				CLANG_WARN_CONSTANT_CONVERSION = YES;
				CLANG_WARN_DIRECT_OBJC_ISA_USAGE = YES_ERROR;
				CLANG_WARN_DOCUMENTATION_COMMENTS = YES;
				CLANG_WARN_EMPTY_BODY = YES;
				CLANG_WARN_ENUM_CONVERSION = YES;
				CLANG_WARN_INFINITE_RECURSION = YES;
				CLANG_WARN_INT_CONVERSION = YES;
				CLANG_WARN_OBJC_ROOT_CLASS = YES_ERROR;
				CLANG_WARN_SUSPICIOUS_MOVE = YES;
				CLANG_WARN_UNREACHABLE_CODE = YES;
				CLANG_WARN__DUPLICATE_METHOD_MATCH = YES;
				"CODE_SIGN_IDENTITY[sdk=iphoneos*]" = "iPhone Developer";
				COPY_PHASE_STRIP = NO;
				DEBUG_INFORMATION_FORMAT = dwarf;
				ENABLE_STRICT_OBJC_MSGSEND = YES;
				ENABLE_TESTABILITY = YES;
				GCC_C_LANGUAGE_STANDARD = gnu99;
				GCC_DYNAMIC_NO_PIC = NO;
				GCC_NO_COMMON_BLOCKS = YES;
				GCC_OPTIMIZATION_LEVEL = 0;
				GCC_PREPROCESSOR_DEFINITIONS = (
					"DEBUG=1",
					"$(inherited)",
				);
				GCC_WARN_64_TO_32_BIT_CONVERSION = YES;
				GCC_WARN_ABOUT_RETURN_TYPE = YES_ERROR;
				GCC_WARN_UNDECLARED_SELECTOR = YES;
				GCC_WARN_UNINITIALIZED_AUTOS = YES_AGGRESSIVE;
				GCC_WARN_UNUSED_FUNCTION = YES;
				GCC_WARN_UNUSED_VARIABLE = YES;
				IPHONEOS_DEPLOYMENT_TARGET = 10.3;
				MTL_ENABLE_DEBUG_INFO = YES;
				ONLY_ACTIVE_ARCH = YES;
				SDKROOT = iphoneos;
				SWIFT_ACTIVE_COMPILATION_CONDITIONS = DEBUG;
				SWIFT_OPTIMIZATION_LEVEL = "-Onone";
				TARGETED_DEVICE_FAMILY = "1,2";
			};
			name = Debug;
		};
		842B02771EA7331A00601579 /* Release */ = {
			isa = XCBuildConfiguration;
			buildSettings = {
				ALWAYS_SEARCH_USER_PATHS = NO;
				CLANG_ANALYZER_NONNULL = YES;
				CLANG_ANALYZER_NUMBER_OBJECT_CONVERSION = YES_AGGRESSIVE;
				CLANG_CXX_LANGUAGE_STANDARD = "gnu++0x";
				CLANG_CXX_LIBRARY = "libc++";
				CLANG_ENABLE_MODULES = YES;
				CLANG_ENABLE_OBJC_ARC = YES;
				CLANG_WARN_BOOL_CONVERSION = YES;
				CLANG_WARN_CONSTANT_CONVERSION = YES;
				CLANG_WARN_DIRECT_OBJC_ISA_USAGE = YES_ERROR;
				CLANG_WARN_DOCUMENTATION_COMMENTS = YES;
				CLANG_WARN_EMPTY_BODY = YES;
				CLANG_WARN_ENUM_CONVERSION = YES;
				CLANG_WARN_INFINITE_RECURSION = YES;
				CLANG_WARN_INT_CONVERSION = YES;
				CLANG_WARN_OBJC_ROOT_CLASS = YES_ERROR;
				CLANG_WARN_SUSPICIOUS_MOVE = YES;
				CLANG_WARN_UNREACHABLE_CODE = YES;
				CLANG_WARN__DUPLICATE_METHOD_MATCH = YES;
				"CODE_SIGN_IDENTITY[sdk=iphoneos*]" = "iPhone Developer";
				COPY_PHASE_STRIP = NO;
				DEBUG_INFORMATION_FORMAT = "dwarf-with-dsym";
				ENABLE_NS_ASSERTIONS = NO;
				ENABLE_STRICT_OBJC_MSGSEND = YES;
				GCC_C_LANGUAGE_STANDARD = gnu99;
				GCC_NO_COMMON_BLOCKS = YES;
				GCC_WARN_64_TO_32_BIT_CONVERSION = YES;
				GCC_WARN_ABOUT_RETURN_TYPE = YES_ERROR;
				GCC_WARN_UNDECLARED_SELECTOR = YES;
				GCC_WARN_UNINITIALIZED_AUTOS = YES_AGGRESSIVE;
				GCC_WARN_UNUSED_FUNCTION = YES;
				GCC_WARN_UNUSED_VARIABLE = YES;
				IPHONEOS_DEPLOYMENT_TARGET = 10.3;
				MTL_ENABLE_DEBUG_INFO = NO;
				SDKROOT = iphoneos;
				SWIFT_OPTIMIZATION_LEVEL = "-Owholemodule";
				TARGETED_DEVICE_FAMILY = "1,2";
				VALIDATE_PRODUCT = YES;
			};
			name = Release;
		};
		842B02791EA7331A00601579 /* Debug */ = {
			isa = XCBuildConfiguration;
			buildSettings = {
				ASSETCATALOG_COMPILER_APPICON_NAME = AppIcon;
				DEVELOPMENT_TEAM = LEG7CXMPKJ;
				INFOPLIST_FILE = "02-FormWeibo/Info.plist";
				LD_RUNPATH_SEARCH_PATHS = "$(inherited) @executable_path/Frameworks";
				PRODUCT_BUNDLE_IDENTIFIER = "com.maimieng.-2-FormWeibo";
				PRODUCT_NAME = "$(TARGET_NAME)";
				SWIFT_VERSION = 3.0;
			};
			name = Debug;
		};
		842B027A1EA7331A00601579 /* Release */ = {
			isa = XCBuildConfiguration;
			buildSettings = {
				ASSETCATALOG_COMPILER_APPICON_NAME = AppIcon;
				DEVELOPMENT_TEAM = LEG7CXMPKJ;
				INFOPLIST_FILE = "02-FormWeibo/Info.plist";
				LD_RUNPATH_SEARCH_PATHS = "$(inherited) @executable_path/Frameworks";
				PRODUCT_BUNDLE_IDENTIFIER = "com.maimieng.-2-FormWeibo";
				PRODUCT_NAME = "$(TARGET_NAME)";
				SWIFT_VERSION = 3.0;
			};
			name = Release;
		};
/* End XCBuildConfiguration section */

/* Begin XCConfigurationList section */
		842B02611EA7331A00601579 /* Build configuration list for PBXProject "02-FormWeibo" */ = {
			isa = XCConfigurationList;
			buildConfigurations = (
				842B02761EA7331A00601579 /* Debug */,
				842B02771EA7331A00601579 /* Release */,
			);
			defaultConfigurationIsVisible = 0;
			defaultConfigurationName = Release;
		};
		842B02781EA7331A00601579 /* Build configuration list for PBXNativeTarget "02-FormWeibo" */ = {
			isa = XCConfigurationList;
			buildConfigurations = (
				842B02791EA7331A00601579 /* Debug */,
				842B027A1EA7331A00601579 /* Release */,
			);
			defaultConfigurationIsVisible = 0;
		};
/* End XCConfigurationList section */
	};
	rootObject = 842B025E1EA7331A00601579 /* Project object */;
}
