// !$*UTF8*$!
{
	archiveVersion = 1;
	classes = {
	};
	objectVersion = 46;
	objects = {

/* Begin PBXBuildFile section */
		8435B6561E5B4FCC001B1929 /* AppDelegate.swift in Sources */ = {isa = PBXBuildFile; fileRef = 8435B6551E5B4FCC001B1929 /* AppDelegate.swift */; };
		8435B6581E5B4FCC001B1929 /* ViewController.swift in Sources */ = {isa = PBXBuildFile; fileRef = 8435B6571E5B4FCC001B1929 /* ViewController.swift */; };
		8435B65B1E5B4FCC001B1929 /* Main.storyboard in Resources */ = {isa = PBXBuildFile; fileRef = 8435B6591E5B4FCC001B1929 /* Main.storyboard */; };
		8435B65D1E5B4FCC001B1929 /* Assets.xcassets in Resources */ = {isa = PBXBuildFile; fileRef = 8435B65C1E5B4FCC001B1929 /* Assets.xcassets */; };
		8435B6601E5B4FCC001B1929 /* LaunchScreen.storyboard in Resources */ = {isa = PBXBuildFile; fileRef = 8435B65E1E5B4FCC001B1929 /* LaunchScreen.storyboard */; };
/* End PBXBuildFile section */

/* Begin PBXFileReference section */
		8435B6521E5B4FCC001B1929 /* 07-ConstraintsDemo.app */ = {isa = PBXFileReference; explicitFileType = wrapper.application; includeInIndex = 0; path = "07-ConstraintsDemo.app"; sourceTree = BUILT_PRODUCTS_DIR; };
		8435B6551E5B4FCC001B1929 /* AppDelegate.swift */ = {isa = PBXFileReference; lastKnownFileType = sourcecode.swift; path = AppDelegate.swift; sourceTree = "<group>"; };
		8435B6571E5B4FCC001B1929 /* ViewController.swift */ = {isa = PBXFileReference; lastKnownFileType = sourcecode.swift; path = ViewController.swift; sourceTree = "<group>"; };
		8435B65A1E5B4FCC001B1929 /* Base */ = {isa = PBXFileReference; lastKnownFileType = file.storyboard; name = Base; path = Base.lproj/Main.storyboard; sourceTree = "<group>"; };
		8435B65C1E5B4FCC001B1929 /* Assets.xcassets */ = {isa = PBXFileReference; lastKnownFileType = folder.assetcatalog; path = Assets.xcassets; sourceTree = "<group>"; };
		8435B65F1E5B4FCC001B1929 /* Base */ = {isa = PBXFileReference; lastKnownFileType = file.storyboard; name = Base; path = Base.lproj/LaunchScreen.storyboard; sourceTree = "<group>"; };
		8435B6611E5B4FCC001B1929 /* Info.plist */ = {isa = PBXFileReference; lastKnownFileType = text.plist.xml; path = Info.plist; sourceTree = "<group>"; };
/* End PBXFileReference section */

/* Begin PBXFrameworksBuildPhase section */
		8435B64F1E5B4FCC001B1929 /* Frameworks */ = {
			isa = PBXFrameworksBuildPhase;
			buildActionMask = 2147483647;
			files = (
			);
			runOnlyForDeploymentPostprocessing = 0;
		};
/* End PBXFrameworksBuildPhase section */

/* Begin PBXGroup section */
		8435B6491E5B4FCC001B1929 = {
			isa = PBXGroup;
			children = (
				8435B6541E5B4FCC001B1929 /* 07-ConstraintsDemo */,
				8435B6531E5B4FCC001B1929 /* Products */,
			);
			sourceTree = "<group>";
		};
		8435B6531E5B4FCC001B1929 /* Products */ = {
			isa = PBXGroup;
			children = (
				8435B6521E5B4FCC001B1929 /* 07-ConstraintsDemo.app */,
			);
			name = Products;
			sourceTree = "<group>";
		};
		8435B6541E5B4FCC001B1929 /* 07-ConstraintsDemo */ = {
			isa = PBXGroup;
			children = (
				8435B6571E5B4FCC001B1929 /* ViewController.swift */,
				8435B6681E5B500A001B1929 /* Surpport Files */,
			);
			path = "07-ConstraintsDemo";
			sourceTree = "<group>";
		};
		8435B6681E5B500A001B1929 /* Surpport Files */ = {
			isa = PBXGroup;
			children = (
				8435B6551E5B4FCC001B1929 /* AppDelegate.swift */,
				8435B6591E5B4FCC001B1929 /* Main.storyboard */,
				8435B65C1E5B4FCC001B1929 /* Assets.xcassets */,
				8435B65E1E5B4FCC001B1929 /* LaunchScreen.storyboard */,
				8435B6611E5B4FCC001B1929 /* Info.plist */,
			);
			name = "Surpport Files";
			sourceTree = "<group>";
		};
/* End PBXGroup section */

/* Begin PBXNativeTarget section */
		8435B6511E5B4FCC001B1929 /* 07-ConstraintsDemo */ = {
			isa = PBXNativeTarget;
			buildConfigurationList = 8435B6641E5B4FCC001B1929 /* Build configuration list for PBXNativeTarget "07-ConstraintsDemo" */;
			buildPhases = (
				8435B64E1E5B4FCC001B1929 /* Sources */,
				8435B64F1E5B4FCC001B1929 /* Frameworks */,
				8435B6501E5B4FCC001B1929 /* Resources */,
			);
			buildRules = (
			);
			dependencies = (
			);
			name = "07-ConstraintsDemo";
			productName = "07-ConstraintsDemo";
			productReference = 8435B6521E5B4FCC001B1929 /* 07-ConstraintsDemo.app */;
			productType = "com.apple.product-type.application";
		};
/* End PBXNativeTarget section */

/* Begin PBXProject section */
		8435B64A1E5B4FCC001B1929 /* Project object */ = {
			isa = PBXProject;
			attributes = {
				LastSwiftUpdateCheck = 0820;
				LastUpgradeCheck = 0820;
				ORGANIZATIONNAME = "买明";
				TargetAttributes = {
					8435B6511E5B4FCC001B1929 = {
						CreatedOnToolsVersion = 8.2.1;
						DevelopmentTeam = LEG7CXMPKJ;
						ProvisioningStyle = Automatic;
					};
				};
			};
			buildConfigurationList = 8435B64D1E5B4FCC001B1929 /* Build configuration list for PBXProject "07-ConstraintsDemo" */;
			compatibilityVersion = "Xcode 3.2";
			developmentRegion = English;
			hasScannedForEncodings = 0;
			knownRegions = (
				en,
				Base,
			);
			mainGroup = 8435B6491E5B4FCC001B1929;
			productRefGroup = 8435B6531E5B4FCC001B1929 /* Products */;
			projectDirPath = "";
			projectRoot = "";
			targets = (
				8435B6511E5B4FCC001B1929 /* 07-ConstraintsDemo */,
			);
		};
/* End PBXProject section */

/* Begin PBXResourcesBuildPhase section */
		8435B6501E5B4FCC001B1929 /* Resources */ = {
			isa = PBXResourcesBuildPhase;
			buildActionMask = 2147483647;
			files = (
				8435B6601E5B4FCC001B1929 /* LaunchScreen.storyboard in Resources */,
				8435B65D1E5B4FCC001B1929 /* Assets.xcassets in Resources */,
				8435B65B1E5B4FCC001B1929 /* Main.storyboard in Resources */,
			);
			runOnlyForDeploymentPostprocessing = 0;
		};
/* End PBXResourcesBuildPhase section */

/* Begin PBXSourcesBuildPhase section */
		8435B64E1E5B4FCC001B1929 /* Sources */ = {
			isa = PBXSourcesBuildPhase;
			buildActionMask = 2147483647;
			files = (
				8435B6581E5B4FCC001B1929 /* ViewController.swift in Sources */,
				8435B6561E5B4FCC001B1929 /* AppDelegate.swift in Sources */,
			);
			runOnlyForDeploymentPostprocessing = 0;
		};
/* End PBXSourcesBuildPhase section */

/* Begin PBXVariantGroup section */
		8435B6591E5B4FCC001B1929 /* Main.storyboard */ = {
			isa = PBXVariantGroup;
			children = (
				8435B65A1E5B4FCC001B1929 /* Base */,
			);
			name = Main.storyboard;
			sourceTree = "<group>";
		};
		8435B65E1E5B4FCC001B1929 /* LaunchScreen.storyboard */ = {
			isa = PBXVariantGroup;
			children = (
				8435B65F1E5B4FCC001B1929 /* Base */,
			);
			name = LaunchScreen.storyboard;
			sourceTree = "<group>";
		};
/* End PBXVariantGroup section */

/* Begin XCBuildConfiguration section */
		8435B6621E5B4FCC001B1929 /* Debug */ = {
			isa = XCBuildConfiguration;
			buildSettings = {
				ALWAYS_SEARCH_USER_PATHS = NO;
				CLANG_ANALYZER_NONNULL = YES;
				CLANG_CXX_LANGUAGE_STANDARD = "gnu++0x";
				CLANG_CXX_LIBRARY = "libc++";
				CLANG_ENABLE_MODULES = YES;
				CLANG_ENABLE_OBJC_ARC = YES;
				CLANG_WARN_BOOL_CONVERSION = YES;
				CLANG_WARN_CONSTANT_CONVERSION = YES;
				CLANG_WARN_DIRECT_OBJC_ISA_USAGE = YES_ERROR;
				CLANG_WARN_DOCUMENTATION_COMMENTS = YES;
				CLANG_WARN_EMPTY_BODY = YES;
				CLANG_WARN_ENUM_CONVERSION = YES;
				CLANG_WARN_INFINITE_RECURSION = YES;
				CLANG_WARN_INT_CONVERSION = YES;
				CLANG_WARN_OBJC_ROOT_CLASS = YES_ERROR;
				CLANG_WARN_SUSPICIOUS_MOVE = YES;
				CLANG_WARN_UNREACHABLE_CODE = YES;
				CLANG_WARN__DUPLICATE_METHOD_MATCH = YES;
				"CODE_SIGN_IDENTITY[sdk=iphoneos*]" = "iPhone Developer";
				COPY_PHASE_STRIP = NO;
				DEBUG_INFORMATION_FORMAT = dwarf;
				ENABLE_STRICT_OBJC_MSGSEND = YES;
				ENABLE_TESTABILITY = YES;
				GCC_C_LANGUAGE_STANDARD = gnu99;
				GCC_DYNAMIC_NO_PIC = NO;
				GCC_NO_COMMON_BLOCKS = YES;
				GCC_OPTIMIZATION_LEVEL = 0;
				GCC_PREPROCESSOR_DEFINITIONS = (
					"DEBUG=1",
					"$(inherited)",
				);
				GCC_WARN_64_TO_32_BIT_CONVERSION = YES;
				GCC_WARN_ABOUT_RETURN_TYPE = YES_ERROR;
				GCC_WARN_UNDECLARED_SELECTOR = YES;
				GCC_WARN_UNINITIALIZED_AUTOS = YES_AGGRESSIVE;
				GCC_WARN_UNUSED_FUNCTION = YES;
				GCC_WARN_UNUSED_VARIABLE = YES;
				IPHONEOS_DEPLOYMENT_TARGET = 10.2;
				MTL_ENABLE_DEBUG_INFO = YES;
				ONLY_ACTIVE_ARCH = YES;
				SDKROOT = iphoneos;
				SWIFT_ACTIVE_COMPILATION_CONDITIONS = DEBUG;
				SWIFT_OPTIMIZATION_LEVEL = "-Onone";
				TARGETED_DEVICE_FAMILY = "1,2";
			};
			name = Debug;
		};
		8435B6631E5B4FCC001B1929 /* Release */ = {
			isa = XCBuildConfiguration;
			buildSettings = {
				ALWAYS_SEARCH_USER_PATHS = NO;
				CLANG_ANALYZER_NONNULL = YES;
				CLANG_CXX_LANGUAGE_STANDARD = "gnu++0x";
				CLANG_CXX_LIBRARY = "libc++";
				CLANG_ENABLE_MODULES = YES;
				CLANG_ENABLE_OBJC_ARC = YES;
				CLANG_WARN_BOOL_CONVERSION = YES;
				CLANG_WARN_CONSTANT_CONVERSION = YES;
				CLANG_WARN_DIRECT_OBJC_ISA_USAGE = YES_ERROR;
				CLANG_WARN_DOCUMENTATION_COMMENTS = YES;
				CLANG_WARN_EMPTY_BODY = YES;
				CLANG_WARN_ENUM_CONVERSION = YES;
				CLANG_WARN_INFINITE_RECURSION = YES;
				CLANG_WARN_INT_CONVERSION = YES;
				CLANG_WARN_OBJC_ROOT_CLASS = YES_ERROR;
				CLANG_WARN_SUSPICIOUS_MOVE = YES;
				CLANG_WARN_UNREACHABLE_CODE = YES;
				CLANG_WARN__DUPLICATE_METHOD_MATCH = YES;
				"CODE_SIGN_IDENTITY[sdk=iphoneos*]" = "iPhone Developer";
				COPY_PHASE_STRIP = NO;
				DEBUG_INFORMATION_FORMAT = "dwarf-with-dsym";
				ENABLE_NS_ASSERTIONS = NO;
				ENABLE_STRICT_OBJC_MSGSEND = YES;
				GCC_C_LANGUAGE_STANDARD = gnu99;
				GCC_NO_COMMON_BLOCKS = YES;
				GCC_WARN_64_TO_32_BIT_CONVERSION = YES;
				GCC_WARN_ABOUT_RETURN_TYPE = YES_ERROR;
				GCC_WARN_UNDECLARED_SELECTOR = YES;
				GCC_WARN_UNINITIALIZED_AUTOS = YES_AGGRESSIVE;
				GCC_WARN_UNUSED_FUNCTION = YES;
				GCC_WARN_UNUSED_VARIABLE = YES;
				IPHONEOS_DEPLOYMENT_TARGET = 10.2;
				MTL_ENABLE_DEBUG_INFO = NO;
				SDKROOT = iphoneos;
				SWIFT_OPTIMIZATION_LEVEL = "-Owholemodule";
				TARGETED_DEVICE_FAMILY = "1,2";
				VALIDATE_PRODUCT = YES;
			};
			name = Release;
		};
		8435B6651E5B4FCC001B1929 /* Debug */ = {
			isa = XCBuildConfiguration;
			buildSettings = {
				ASSETCATALOG_COMPILER_APPICON_NAME = AppIcon;
				DEVELOPMENT_TEAM = LEG7CXMPKJ;
				INFOPLIST_FILE = "07-ConstraintsDemo/Info.plist";
				LD_RUNPATH_SEARCH_PATHS = "$(inherited) @executable_path/Frameworks";
				PRODUCT_BUNDLE_IDENTIFIER = "com.maimieng.-7-ConstraintsDemo";
				PRODUCT_NAME = "$(TARGET_NAME)";
				SWIFT_VERSION = 3.0;
			};
			name = Debug;
		};
		8435B6661E5B4FCC001B1929 /* Release */ = {
			isa = XCBuildConfiguration;
			buildSettings = {
				ASSETCATALOG_COMPILER_APPICON_NAME = AppIcon;
				DEVELOPMENT_TEAM = LEG7CXMPKJ;
				INFOPLIST_FILE = "07-ConstraintsDemo/Info.plist";
				LD_RUNPATH_SEARCH_PATHS = "$(inherited) @executable_path/Frameworks";
				PRODUCT_BUNDLE_IDENTIFIER = "com.maimieng.-7-ConstraintsDemo";
				PRODUCT_NAME = "$(TARGET_NAME)";
				SWIFT_VERSION = 3.0;
			};
			name = Release;
		};
/* End XCBuildConfiguration section */

/* Begin XCConfigurationList section */
		8435B64D1E5B4FCC001B1929 /* Build configuration list for PBXProject "07-ConstraintsDemo" */ = {
			isa = XCConfigurationList;
			buildConfigurations = (
				8435B6621E5B4FCC001B1929 /* Debug */,
				8435B6631E5B4FCC001B1929 /* Release */,
			);
			defaultConfigurationIsVisible = 0;
			defaultConfigurationName = Release;
		};
		8435B6641E5B4FCC001B1929 /* Build configuration list for PBXNativeTarget "07-ConstraintsDemo" */ = {
			isa = XCConfigurationList;
			buildConfigurations = (
				8435B6651E5B4FCC001B1929 /* Debug */,
				8435B6661E5B4FCC001B1929 /* Release */,
			);
			defaultConfigurationIsVisible = 0;
		};
/* End XCConfigurationList section */
	};
	rootObject = 8435B64A1E5B4FCC001B1929 /* Project object */;
}
