// !$*UTF8*$!
{
	archiveVersion = 1;
	classes = {
	};
	objectVersion = 46;
	objects = {

/* Begin PBXBuildFile section */
		84329FC91E5D3A85003FCEE3 /* AppDelegate.swift in Sources */ = {isa = PBXBuildFile; fileRef = 84329FC81E5D3A85003FCEE3 /* AppDelegate.swift */; };
		84329FCB1E5D3A85003FCEE3 /* ViewController.swift in Sources */ = {isa = PBXBuildFile; fileRef = 84329FCA1E5D3A85003FCEE3 /* ViewController.swift */; };
		84329FCE1E5D3A85003FCEE3 /* Main.storyboard in Resources */ = {isa = PBXBuildFile; fileRef = 84329FCC1E5D3A85003FCEE3 /* Main.storyboard */; };
		84329FD01E5D3A85003FCEE3 /* Assets.xcassets in Resources */ = {isa = PBXBuildFile; fileRef = 84329FCF1E5D3A85003FCEE3 /* Assets.xcassets */; };
		84329FD31E5D3A85003FCEE3 /* LaunchScreen.storyboard in Resources */ = {isa = PBXBuildFile; fileRef = 84329FD11E5D3A85003FCEE3 /* LaunchScreen.storyboard */; };
		84329FDD1E5D3AF8003FCEE3 /* level1.txt in Resources */ = {isa = PBXBuildFile; fileRef = 84329FDB1E5D3AF8003FCEE3 /* level1.txt */; };
		84329FDE1E5D3AF8003FCEE3 /* level2.txt in Resources */ = {isa = PBXBuildFile; fileRef = 84329FDC1E5D3AF8003FCEE3 /* level2.txt */; };
/* End PBXBuildFile section */

/* Begin PBXFileReference section */
		84329FC51E5D3A85003FCEE3 /* 09-GuessLetter.app */ = {isa = PBXFileReference; explicitFileType = wrapper.application; includeInIndex = 0; path = "09-GuessLetter.app"; sourceTree = BUILT_PRODUCTS_DIR; };
		84329FC81E5D3A85003FCEE3 /* AppDelegate.swift */ = {isa = PBXFileReference; lastKnownFileType = sourcecode.swift; path = AppDelegate.swift; sourceTree = "<group>"; };
		84329FCA1E5D3A85003FCEE3 /* ViewController.swift */ = {isa = PBXFileReference; lastKnownFileType = sourcecode.swift; path = ViewController.swift; sourceTree = "<group>"; };
		84329FCD1E5D3A85003FCEE3 /* Base */ = {isa = PBXFileReference; lastKnownFileType = file.storyboard; name = Base; path = Base.lproj/Main.storyboard; sourceTree = "<group>"; };
		84329FCF1E5D3A85003FCEE3 /* Assets.xcassets */ = {isa = PBXFileReference; lastKnownFileType = folder.assetcatalog; path = Assets.xcassets; sourceTree = "<group>"; };
		84329FD21E5D3A85003FCEE3 /* Base */ = {isa = PBXFileReference; lastKnownFileType = file.storyboard; name = Base; path = Base.lproj/LaunchScreen.storyboard; sourceTree = "<group>"; };
		84329FD41E5D3A85003FCEE3 /* Info.plist */ = {isa = PBXFileReference; lastKnownFileType = text.plist.xml; path = Info.plist; sourceTree = "<group>"; };
		84329FDB1E5D3AF8003FCEE3 /* level1.txt */ = {isa = PBXFileReference; fileEncoding = 4; lastKnownFileType = text; path = level1.txt; sourceTree = "<group>"; };
		84329FDC1E5D3AF8003FCEE3 /* level2.txt */ = {isa = PBXFileReference; fileEncoding = 4; lastKnownFileType = text; path = level2.txt; sourceTree = "<group>"; };
/* End PBXFileReference section */

/* Begin PBXFrameworksBuildPhase section */
		84329FC21E5D3A85003FCEE3 /* Frameworks */ = {
			isa = PBXFrameworksBuildPhase;
			buildActionMask = 2147483647;
			files = (
			);
			runOnlyForDeploymentPostprocessing = 0;
		};
/* End PBXFrameworksBuildPhase section */

/* Begin PBXGroup section */
		84329FBC1E5D3A84003FCEE3 = {
			isa = PBXGroup;
			children = (
				84329FC71E5D3A85003FCEE3 /* 09-GuessLetter */,
				84329FC61E5D3A85003FCEE3 /* Products */,
			);
			sourceTree = "<group>";
		};
		84329FC61E5D3A85003FCEE3 /* Products */ = {
			isa = PBXGroup;
			children = (
				84329FC51E5D3A85003FCEE3 /* 09-GuessLetter.app */,
			);
			name = Products;
			sourceTree = "<group>";
		};
		84329FC71E5D3A85003FCEE3 /* 09-GuessLetter */ = {
			isa = PBXGroup;
			children = (
				84329FCA1E5D3A85003FCEE3 /* ViewController.swift */,
				84329FCC1E5D3A85003FCEE3 /* Main.storyboard */,
				84329FDB1E5D3AF8003FCEE3 /* level1.txt */,
				84329FDC1E5D3AF8003FCEE3 /* level2.txt */,
				84329FDA1E5D3AE8003FCEE3 /* Support Files */,
			);
			path = "09-GuessLetter";
			sourceTree = "<group>";
		};
		84329FDA1E5D3AE8003FCEE3 /* Support Files */ = {
			isa = PBXGroup;
			children = (
				84329FC81E5D3A85003FCEE3 /* AppDelegate.swift */,
				84329FCF1E5D3A85003FCEE3 /* Assets.xcassets */,
				84329FD11E5D3A85003FCEE3 /* LaunchScreen.storyboard */,
				84329FD41E5D3A85003FCEE3 /* Info.plist */,
			);
			name = "Support Files";
			sourceTree = "<group>";
		};
/* End PBXGroup section */

/* Begin PBXNativeTarget section */
		84329FC41E5D3A85003FCEE3 /* 09-GuessLetter */ = {
			isa = PBXNativeTarget;
			buildConfigurationList = 84329FD71E5D3A85003FCEE3 /* Build configuration list for PBXNativeTarget "09-GuessLetter" */;
			buildPhases = (
				84329FC11E5D3A85003FCEE3 /* Sources */,
				84329FC21E5D3A85003FCEE3 /* Frameworks */,
				84329FC31E5D3A85003FCEE3 /* Resources */,
			);
			buildRules = (
			);
			dependencies = (
			);
			name = "09-GuessLetter";
			productName = "09-GuessLetter";
			productReference = 84329FC51E5D3A85003FCEE3 /* 09-GuessLetter.app */;
			productType = "com.apple.product-type.application";
		};
/* End PBXNativeTarget section */

/* Begin PBXProject section */
		84329FBD1E5D3A84003FCEE3 /* Project object */ = {
			isa = PBXProject;
			attributes = {
				LastSwiftUpdateCheck = 0820;
				LastUpgradeCheck = 0820;
				ORGANIZATIONNAME = "买明";
				TargetAttributes = {
					84329FC41E5D3A85003FCEE3 = {
						CreatedOnToolsVersion = 8.2.1;
						DevelopmentTeam = LEG7CXMPKJ;
						ProvisioningStyle = Automatic;
					};
				};
			};
			buildConfigurationList = 84329FC01E5D3A84003FCEE3 /* Build configuration list for PBXProject "09-GuessLetter" */;
			compatibilityVersion = "Xcode 3.2";
			developmentRegion = English;
			hasScannedForEncodings = 0;
			knownRegions = (
				en,
				Base,
			);
			mainGroup = 84329FBC1E5D3A84003FCEE3;
			productRefGroup = 84329FC61E5D3A85003FCEE3 /* Products */;
			projectDirPath = "";
			projectRoot = "";
			targets = (
				84329FC41E5D3A85003FCEE3 /* 09-GuessLetter */,
			);
		};
/* End PBXProject section */

/* Begin PBXResourcesBuildPhase section */
		84329FC31E5D3A85003FCEE3 /* Resources */ = {
			isa = PBXResourcesBuildPhase;
			buildActionMask = 2147483647;
			files = (
				84329FDE1E5D3AF8003FCEE3 /* level2.txt in Resources */,
				84329FD31E5D3A85003FCEE3 /* LaunchScreen.storyboard in Resources */,
				84329FDD1E5D3AF8003FCEE3 /* level1.txt in Resources */,
				84329FD01E5D3A85003FCEE3 /* Assets.xcassets in Resources */,
				84329FCE1E5D3A85003FCEE3 /* Main.storyboard in Resources */,
			);
			runOnlyForDeploymentPostprocessing = 0;
		};
/* End PBXResourcesBuildPhase section */

/* Begin PBXSourcesBuildPhase section */
		84329FC11E5D3A85003FCEE3 /* Sources */ = {
			isa = PBXSourcesBuildPhase;
			buildActionMask = 2147483647;
			files = (
				84329FCB1E5D3A85003FCEE3 /* ViewController.swift in Sources */,
				84329FC91E5D3A85003FCEE3 /* AppDelegate.swift in Sources */,
			);
			runOnlyForDeploymentPostprocessing = 0;
		};
/* End PBXSourcesBuildPhase section */

/* Begin PBXVariantGroup section */
		84329FCC1E5D3A85003FCEE3 /* Main.storyboard */ = {
			isa = PBXVariantGroup;
			children = (
				84329FCD1E5D3A85003FCEE3 /* Base */,
			);
			name = Main.storyboard;
			sourceTree = "<group>";
		};
		84329FD11E5D3A85003FCEE3 /* LaunchScreen.storyboard */ = {
			isa = PBXVariantGroup;
			children = (
				84329FD21E5D3A85003FCEE3 /* Base */,
			);
			name = LaunchScreen.storyboard;
			sourceTree = "<group>";
		};
/* End PBXVariantGroup section */

/* Begin XCBuildConfiguration section */
		84329FD51E5D3A85003FCEE3 /* Debug */ = {
			isa = XCBuildConfiguration;
			buildSettings = {
				ALWAYS_SEARCH_USER_PATHS = NO;
				CLANG_ANALYZER_NONNULL = YES;
				CLANG_CXX_LANGUAGE_STANDARD = "gnu++0x";
				CLANG_CXX_LIBRARY = "libc++";
				CLANG_ENABLE_MODULES = YES;
				CLANG_ENABLE_OBJC_ARC = YES;
				CLANG_WARN_BOOL_CONVERSION = YES;
				CLANG_WARN_CONSTANT_CONVERSION = YES;
				CLANG_WARN_DIRECT_OBJC_ISA_USAGE = YES_ERROR;
				CLANG_WARN_DOCUMENTATION_COMMENTS = YES;
				CLANG_WARN_EMPTY_BODY = YES;
				CLANG_WARN_ENUM_CONVERSION = YES;
				CLANG_WARN_INFINITE_RECURSION = YES;
				CLANG_WARN_INT_CONVERSION = YES;
				CLANG_WARN_OBJC_ROOT_CLASS = YES_ERROR;
				CLANG_WARN_SUSPICIOUS_MOVE = YES;
				CLANG_WARN_UNREACHABLE_CODE = YES;
				CLANG_WARN__DUPLICATE_METHOD_MATCH = YES;
				"CODE_SIGN_IDENTITY[sdk=iphoneos*]" = "iPhone Developer";
				COPY_PHASE_STRIP = NO;
				DEBUG_INFORMATION_FORMAT = dwarf;
				ENABLE_STRICT_OBJC_MSGSEND = YES;
				ENABLE_TESTABILITY = YES;
				GCC_C_LANGUAGE_STANDARD = gnu99;
				GCC_DYNAMIC_NO_PIC = NO;
				GCC_NO_COMMON_BLOCKS = YES;
				GCC_OPTIMIZATION_LEVEL = 0;
				GCC_PREPROCESSOR_DEFINITIONS = (
					"DEBUG=1",
					"$(inherited)",
				);
				GCC_WARN_64_TO_32_BIT_CONVERSION = YES;
				GCC_WARN_ABOUT_RETURN_TYPE = YES_ERROR;
				GCC_WARN_UNDECLARED_SELECTOR = YES;
				GCC_WARN_UNINITIALIZED_AUTOS = YES_AGGRESSIVE;
				GCC_WARN_UNUSED_FUNCTION = YES;
				GCC_WARN_UNUSED_VARIABLE = YES;
				IPHONEOS_DEPLOYMENT_TARGET = 10.2;
				MTL_ENABLE_DEBUG_INFO = YES;
				ONLY_ACTIVE_ARCH = YES;
				SDKROOT = iphoneos;
				SWIFT_ACTIVE_COMPILATION_CONDITIONS = DEBUG;
				SWIFT_OPTIMIZATION_LEVEL = "-Onone";
				TARGETED_DEVICE_FAMILY = "1,2";
			};
			name = Debug;
		};
		84329FD61E5D3A85003FCEE3 /* Release */ = {
			isa = XCBuildConfiguration;
			buildSettings = {
				ALWAYS_SEARCH_USER_PATHS = NO;
				CLANG_ANALYZER_NONNULL = YES;
				CLANG_CXX_LANGUAGE_STANDARD = "gnu++0x";
				CLANG_CXX_LIBRARY = "libc++";
				CLANG_ENABLE_MODULES = YES;
				CLANG_ENABLE_OBJC_ARC = YES;
				CLANG_WARN_BOOL_CONVERSION = YES;
				CLANG_WARN_CONSTANT_CONVERSION = YES;
				CLANG_WARN_DIRECT_OBJC_ISA_USAGE = YES_ERROR;
				CLANG_WARN_DOCUMENTATION_COMMENTS = YES;
				CLANG_WARN_EMPTY_BODY = YES;
				CLANG_WARN_ENUM_CONVERSION = YES;
				CLANG_WARN_INFINITE_RECURSION = YES;
				CLANG_WARN_INT_CONVERSION = YES;
				CLANG_WARN_OBJC_ROOT_CLASS = YES_ERROR;
				CLANG_WARN_SUSPICIOUS_MOVE = YES;
				CLANG_WARN_UNREACHABLE_CODE = YES;
				CLANG_WARN__DUPLICATE_METHOD_MATCH = YES;
				"CODE_SIGN_IDENTITY[sdk=iphoneos*]" = "iPhone Developer";
				COPY_PHASE_STRIP = NO;
				DEBUG_INFORMATION_FORMAT = "dwarf-with-dsym";
				ENABLE_NS_ASSERTIONS = NO;
				ENABLE_STRICT_OBJC_MSGSEND = YES;
				GCC_C_LANGUAGE_STANDARD = gnu99;
				GCC_NO_COMMON_BLOCKS = YES;
				GCC_WARN_64_TO_32_BIT_CONVERSION = YES;
				GCC_WARN_ABOUT_RETURN_TYPE = YES_ERROR;
				GCC_WARN_UNDECLARED_SELECTOR = YES;
				GCC_WARN_UNINITIALIZED_AUTOS = YES_AGGRESSIVE;
				GCC_WARN_UNUSED_FUNCTION = YES;
				GCC_WARN_UNUSED_VARIABLE = YES;
				IPHONEOS_DEPLOYMENT_TARGET = 10.2;
				MTL_ENABLE_DEBUG_INFO = NO;
				SDKROOT = iphoneos;
				SWIFT_OPTIMIZATION_LEVEL = "-Owholemodule";
				TARGETED_DEVICE_FAMILY = "1,2";
				VALIDATE_PRODUCT = YES;
			};
			name = Release;
		};
		84329FD81E5D3A85003FCEE3 /* Debug */ = {
			isa = XCBuildConfiguration;
			buildSettings = {
				ASSETCATALOG_COMPILER_APPICON_NAME = AppIcon;
				DEVELOPMENT_TEAM = LEG7CXMPKJ;
				INFOPLIST_FILE = "09-GuessLetter/Info.plist";
				LD_RUNPATH_SEARCH_PATHS = "$(inherited) @executable_path/Frameworks";
				PRODUCT_BUNDLE_IDENTIFIER = "com.maimieng.-9-GuessLetter";
				PRODUCT_NAME = "$(TARGET_NAME)";
				SWIFT_VERSION = 3.0;
			};
			name = Debug;
		};
		84329FD91E5D3A85003FCEE3 /* Release */ = {
			isa = XCBuildConfiguration;
			buildSettings = {
				ASSETCATALOG_COMPILER_APPICON_NAME = AppIcon;
				DEVELOPMENT_TEAM = LEG7CXMPKJ;
				INFOPLIST_FILE = "09-GuessLetter/Info.plist";
				LD_RUNPATH_SEARCH_PATHS = "$(inherited) @executable_path/Frameworks";
				PRODUCT_BUNDLE_IDENTIFIER = "com.maimieng.-9-GuessLetter";
				PRODUCT_NAME = "$(TARGET_NAME)";
				SWIFT_VERSION = 3.0;
			};
			name = Release;
		};
/* End XCBuildConfiguration section */

/* Begin XCConfigurationList section */
		84329FC01E5D3A84003FCEE3 /* Build configuration list for PBXProject "09-GuessLetter" */ = {
			isa = XCConfigurationList;
			buildConfigurations = (
				84329FD51E5D3A85003FCEE3 /* Debug */,
				84329FD61E5D3A85003FCEE3 /* Release */,
			);
			defaultConfigurationIsVisible = 0;
			defaultConfigurationName = Release;
		};
		84329FD71E5D3A85003FCEE3 /* Build configuration list for PBXNativeTarget "09-GuessLetter" */ = {
			isa = XCConfigurationList;
			buildConfigurations = (
				84329FD81E5D3A85003FCEE3 /* Debug */,
				84329FD91E5D3A85003FCEE3 /* Release */,
			);
			defaultConfigurationIsVisible = 0;
		};
/* End XCConfigurationList section */
	};
	rootObject = 84329FBD1E5D3A84003FCEE3 /* Project object */;
}
